Microsoft Visual Studio Solution File, Format Version 12.00
# Visual Studio Version 17
VisualStudioVersion = 17.5.2.0
MinimumVisualStudioVersion = 10.0.40219.1
Project("{FAE04EC0-301F-11D3-BF4B-00C04F79EFBC}") = "FibonacciOrtalama", "FibonacciOrtalama\FibonacciOrtalama.csproj", "{629C39BA-6EB1-EF20-864B-804DD1660CCA}"
EndProject
Project("{FAE04EC0-301F-11D3-BF4B-00C04F79EFBC}") = "UcgenCizme", "UcgenCizme\UcgenCizme.csproj", "{3010C299-FF6D-4647-8B5E-33016B6677F7}"
EndProject
Project("{FAE04EC0-301F-11D3-BF4B-00C04F79EFBC}") = "DaireCizme", "DaireCizme\DaireCizme.csproj", "{9969A218-275C-4BC4-B3BF-854EA0CFFFE6}"
EndProject
Project("{FAE04EC0-301F-11D3-BF4B-00C04F79EFBC}") = "Algoritma", "Algoritma\Algoritma.csproj", "{383ABFDA-EDD9-4828-93D2-A62F99A2D87E}"
EndProject
Project("{FAE04EC0-301F-11D3-BF4B-00C04F79EFBC}") = "İlkKarakterSonda", "İlkKarakterSonda\İlkKarakterSonda.csproj", "{3BDFC425-B93E-4C5B-AB54-36F5F4C75656}"
EndProject
Project("{FAE04EC0-301F-11D3-BF4B-00C04F79EFBC}") = "AlanHesaplama", "AlanHesaplama\AlanHesaplama.csproj", "{C23A66F0-F985-4F3F-85DD-F8C4B16DC614}"
EndProject
Project("{FAE04EC0-301F-11D3-BF4B-00C04F79EFBC}") = "IkiliToplam", "IkiliToplam\IkiliToplam.csproj", "{7791EFFC-278C-4D37-BE9C-0DBBEC79BC22}"
EndProject
Global
	GlobalSection(SolutionConfigurationPlatforms) = preSolution
		Debug|Any CPU = Debug|Any CPU
		Release|Any CPU = Release|Any CPU
	EndGlobalSection
	GlobalSection(ProjectConfigurationPlatforms) = postSolution
		{629C39BA-6EB1-EF20-864B-804DD1660CCA}.Debug|Any CPU.ActiveCfg = Debug|Any CPU
		{629C39BA-6EB1-EF20-864B-804DD1660CCA}.Debug|Any CPU.Build.0 = Debug|Any CPU
		{629C39BA-6EB1-EF20-864B-804DD1660CCA}.Release|Any CPU.ActiveCfg = Release|Any CPU
		{629C39BA-6EB1-EF20-864B-804DD1660CCA}.Release|Any CPU.Build.0 = Release|Any CPU
		{3010C299-FF6D-4647-8B5E-33016B6677F7}.Debug|Any CPU.ActiveCfg = Debug|Any CPU
		{3010C299-FF6D-4647-8B5E-33016B6677F7}.Debug|Any CPU.Build.0 = Debug|Any CPU
		{3010C299-FF6D-4647-8B5E-33016B6677F7}.Release|Any CPU.ActiveCfg = Release|Any CPU
		{3010C299-FF6D-4647-8B5E-33016B6677F7}.Release|Any CPU.Build.0 = Release|Any CPU
		{9969A218-275C-4BC4-B3BF-854EA0CFFFE6}.Debug|Any CPU.ActiveCfg = Debug|Any CPU
		{9969A218-275C-4BC4-B3BF-854EA0CFFFE6}.Debug|Any CPU.Build.0 = Debug|Any CPU
		{9969A218-275C-4BC4-B3BF-854EA0CFFFE6}.Release|Any CPU.ActiveCfg = Release|Any CPU
		{9969A218-275C-4BC4-B3BF-854EA0CFFFE6}.Release|Any CPU.Build.0 = Release|Any CPU
		{383ABFDA-EDD9-4828-93D2-A62F99A2D87E}.Debug|Any CPU.ActiveCfg = Debug|Any CPU
		{383ABFDA-EDD9-4828-93D2-A62F99A2D87E}.Debug|Any CPU.Build.0 = Debug|Any CPU
		{383ABFDA-EDD9-4828-93D2-A62F99A2D87E}.Release|Any CPU.ActiveCfg = Release|Any CPU
		{383ABFDA-EDD9-4828-93D2-A62F99A2D87E}.Release|Any CPU.Build.0 = Release|Any CPU
		{3BDFC425-B93E-4C5B-AB54-36F5F4C75656}.Debug|Any CPU.ActiveCfg = Debug|Any CPU
		{3BDFC425-B93E-4C5B-AB54-36F5F4C75656}.Debug|Any CPU.Build.0 = Debug|Any CPU
		{3BDFC425-B93E-4C5B-AB54-36F5F4C75656}.Release|Any CPU.ActiveCfg = Release|Any CPU
		{3BDFC425-B93E-4C5B-AB54-36F5F4C75656}.Release|Any CPU.Build.0 = Release|Any CPU
		{C23A66F0-F985-4F3F-85DD-F8C4B16DC614}.Debug|Any CPU.ActiveCfg = Debug|Any CPU
		{C23A66F0-F985-4F3F-85DD-F8C4B16DC614}.Debug|Any CPU.Build.0 = Debug|Any CPU
		{C23A66F0-F985-4F3F-85DD-F8C4B16DC614}.Release|Any CPU.ActiveCfg = Release|Any CPU
		{C23A66F0-F985-4F3F-85DD-F8C4B16DC614}.Release|Any CPU.Build.0 = Release|Any CPU
		{7791EFFC-278C-4D37-BE9C-0DBBEC79BC22}.Debug|Any CPU.ActiveCfg = Debug|Any CPU
		{7791EFFC-278C-4D37-BE9C-0DBBEC79BC22}.Debug|Any CPU.Build.0 = Debug|Any CPU
		{7791EFFC-278C-4D37-BE9C-0DBBEC79BC22}.Release|Any CPU.ActiveCfg = Release|Any CPU
		{7791EFFC-278C-4D37-BE9C-0DBBEC79BC22}.Release|Any CPU.Build.0 = Release|Any CPU
	EndGlobalSection
	GlobalSection(SolutionProperties) = preSolution
		HideSolutionNode = FALSE
	EndGlobalSection
	GlobalSection(ExtensibilityGlobals) = postSolution
		SolutionGuid = {FE43109B-F6CB-401B-BF3B-08F118177584}
	EndGlobalSection
EndGlobal
